
Microsoft Visual Studio Solution File, Format Version 12.00
# Visual Studio Version 16
VisualStudioVersion = 16.0.31112.23
MinimumVisualStudioVersion = 10.0.40219.1
Project("{9A19103F-16F7-4668-BE54-9A1E7A4F7556}") = "DesafioBackendLeoMadeiras.API", "DesafioBackendLeoMadeiras\DesafioBackendLeoMadeiras.API.csproj", "{65648BEE-8786-4BA5-A595-387BAF6BCA92}"
EndProject
Project("{9A19103F-16F7-4668-BE54-9A1E7A4F7556}") = "DesafioBackendLeoMadeiras.Domain", "DesafioBackendLeoMadeiras.Domain\DesafioBackendLeoMadeiras.Domain\DesafioBackendLeoMadeiras.Domain.csproj", "{4BECA334-2A87-4E1B-8EDE-0EEBB030E330}"
EndProject
Project("{9A19103F-16F7-4668-BE54-9A1E7A4F7556}") = "DesafioBackendLeoMadeiras.Infra", "DesafioBackendLeoMadeiras.Infra\DesafioBackendLeoMadeiras.Infra\DesafioBackendLeoMadeiras.Infra.csproj", "{B6397490-D422-4F16-A19E-1DB8741C8EAF}"
EndProject
Project("{FAE04EC0-301F-11D3-BF4B-00C04F79EFBC}") = "DesafioBackendLeoMadeiras.Tests", "DesafioBackendLeoMadeiras.Tests\DesafioBackendLeoMadeiras.Tests\DesafioBackendLeoMadeiras.Tests.csproj", "{1B0140C9-8C0C-45AF-AEB9-863D9834F884}"
EndProject
Global
	GlobalSection(SolutionConfigurationPlatforms) = preSolution
		Debug|Any CPU = Debug|Any CPU
		Release|Any CPU = Release|Any CPU
	EndGlobalSection
	GlobalSection(ProjectConfigurationPlatforms) = postSolution
		{65648BEE-8786-4BA5-A595-387BAF6BCA92}.Debug|Any CPU.ActiveCfg = Debug|Any CPU
		{65648BEE-8786-4BA5-A595-387BAF6BCA92}.Debug|Any CPU.Build.0 = Debug|Any CPU
		{65648BEE-8786-4BA5-A595-387BAF6BCA92}.Release|Any CPU.ActiveCfg = Release|Any CPU
		{65648BEE-8786-4BA5-A595-387BAF6BCA92}.Release|Any CPU.Build.0 = Release|Any CPU
		{4BECA334-2A87-4E1B-8EDE-0EEBB030E330}.Debug|Any CPU.ActiveCfg = Debug|Any CPU
		{4BECA334-2A87-4E1B-8EDE-0EEBB030E330}.Debug|Any CPU.Build.0 = Debug|Any CPU
		{4BECA334-2A87-4E1B-8EDE-0EEBB030E330}.Release|Any CPU.ActiveCfg = Release|Any CPU
		{4BECA334-2A87-4E1B-8EDE-0EEBB030E330}.Release|Any CPU.Build.0 = Release|Any CPU
		{B6397490-D422-4F16-A19E-1DB8741C8EAF}.Debug|Any CPU.ActiveCfg = Debug|Any CPU
		{B6397490-D422-4F16-A19E-1DB8741C8EAF}.Debug|Any CPU.Build.0 = Debug|Any CPU
		{B6397490-D422-4F16-A19E-1DB8741C8EAF}.Release|Any CPU.ActiveCfg = Release|Any CPU
		{B6397490-D422-4F16-A19E-1DB8741C8EAF}.Release|Any CPU.Build.0 = Release|Any CPU
		{1B0140C9-8C0C-45AF-AEB9-863D9834F884}.Debug|Any CPU.ActiveCfg = Debug|Any CPU
		{1B0140C9-8C0C-45AF-AEB9-863D9834F884}.Debug|Any CPU.Build.0 = Debug|Any CPU
		{1B0140C9-8C0C-45AF-AEB9-863D9834F884}.Release|Any CPU.ActiveCfg = Release|Any CPU
		{1B0140C9-8C0C-45AF-AEB9-863D9834F884}.Release|Any CPU.Build.0 = Release|Any CPU
	EndGlobalSection
	GlobalSection(SolutionProperties) = preSolution
		HideSolutionNode = FALSE
	EndGlobalSection
	GlobalSection(ExtensibilityGlobals) = postSolution
		SolutionGuid = {70265612-4F33-48CD-BBE7-014FA9CF300E}
	EndGlobalSection
EndGlobal
